{
  "version": 1,
  "dependencies": {
    "net10.0": {
      "AspNetCoreRateLimit": {
        "type": "Direct",
        "requested": "[5.0.*, )",
        "resolved": "5.0.0",
        "contentHash": "6fq9+o1maGADUmpK/PvcF0DtXW2+7bSkIL7MDIo/agbIHKN8XkMQF4oze60DO731WaQmHmK260hB30FwPzCmEg==",
        "dependencies": {
          "Newtonsoft.Json": "13.0.2"
        }
      },
      "AspNetCoreRateLimit.Redis": {
        "type": "Direct",
        "requested": "[2.0.*, )",
        "resolved": "2.0.0",
        "contentHash": "3g6Mb4Y+rW14/oE7Qt8WFA9zS7XNdHx7TH3k/XQix7PtUWEZSSAK+VsqDhDIPkUysUHFBDUA7olNeTjytpzA/g==",
        "dependencies": {
          "AspNetCoreRateLimit": "5.0.0",
          "StackExchange.Redis": "2.6.80"
        }
      },
      "FluidCaching": {
        "type": "Direct",
        "requested": "[1.3.*, )",
        "resolved": "1.3.2",
        "contentHash": "9W3e6GBZltecew8tBvPb5VGYHxETVagkaH7hQb3gZPFZ6WNX6lLeYM8W9Oqt88s4ESoT1vTLH0vdDTmW9G6i5A=="
      },
      "FSharp.Core": {
        "type": "Direct",
        "requested": "[8.0.*, )",
        "resolved": "8.0.403",
        "contentHash": "t1Pvv2++3zMQKKNuiQc1Lz4TCdaBajgG4mLhOE8AoFzborHQ/JbjIaJr6Mrq8m2z15KLu4r6Qz7E3oeACpljTg=="
      },
      "FSharpPlus": {
        "type": "Direct",
        "requested": "[1.6.*, )",
        "resolved": "1.6.1",
        "contentHash": "HXBoyj7pHxEB5H1YgNBxaPz39ty+KvQFmWQ9AKDaWMtHNGO7r9FH+wq/KL8hz9oIJzG0gKniRUt78qi6WQk4gw==",
        "dependencies": {
          "FSharp.Core": "6.0.6"
        }
      },
      "FsLexYacc": {
        "type": "Direct",
        "requested": "[11.3.*, )",
        "resolved": "11.3.0",
        "contentHash": "v0Q3/c0tizN8vRZ72Tdo+OKU767Yjul0wRJgG1/W15H4tK/9qHne/mylw/gTEIC8FV2zgiDlAudhQpdZXYG3IA==",
        "dependencies": {
          "FSharp.Core": "4.6.2",
          "FsLexYacc.Runtime": "11.3.0"
        }
      },
      "Giraffe": {
        "type": "Direct",
        "requested": "[6.4.*, )",
        "resolved": "6.4.0",
        "contentHash": "rkvQX5JMML0SrXgblUOT76bNBhmIFLnjObmm5gaT/3k848m4BEDzdrTihFV+g8VNdmmvOsA2F1u5KV/YPRq87g==",
        "dependencies": {
          "FSharp.Core": "6.0.0",
          "Giraffe.ViewEngine": "1.4.0",
          "Microsoft.IO.RecyclableMemoryStream": "3.0.0",
          "Newtonsoft.Json": "13.0.3"
        }
      },
      "Microsoft.AspNetCore.Authentication.JwtBearer": {
        "type": "Direct",
        "requested": "[8.0.*, )",
        "resolved": "8.0.25",
        "contentHash": "nb6jCyxh5eP9bsXkHmGcDxUiVIl5wJSombl3LN2L+sjGEVXzcMKbdRe0fp8LQtuBM2hKXcXFxMAYdnohdYJF8Q==",
        "dependencies": {
          "Microsoft.IdentityModel.Protocols.OpenIdConnect": "7.1.2"
        }
      },
      "Microsoft.ClearScript.linux-x64": {
        "type": "Direct",
        "requested": "[7.4.*, )",
        "resolved": "7.4.5",
        "contentHash": "X/RptbvEaEhK7wW9dGXJDzz51HC/l9Qzy5fMfi0rqu+sqfuLCDMkgo+aBKOJ5N0PBCelVIRMPHDRsNWPeqJ61w==",
        "dependencies": {
          "Microsoft.ClearScript.V8": "7.4.5",
          "Microsoft.ClearScript.V8.ICUData": "7.4.5",
          "Microsoft.ClearScript.V8.Native.linux-x64": "7.4.5"
        }
      },
      "Microsoft.EntityFrameworkCore": {
        "type": "Direct",
        "requested": "[8.0.25, )",
        "resolved": "8.0.25",
        "contentHash": "1seNis+YnJwiQpwzBCQVWTlyfnlfwotQUkCC0MINwS6yt5Gco4XZ/xOz1fB5uwAWjO/TrDzL/sIMk2hXPxeHbg==",
        "dependencies": {
          "Microsoft.EntityFrameworkCore.Abstractions": "8.0.25",
          "Microsoft.EntityFrameworkCore.Analyzers": "8.0.25"
        }
      },
      "Microsoft.EntityFrameworkCore.Relational": {
        "type": "Direct",
        "requested": "[8.0.25, )",
        "resolved": "8.0.25",
        "contentHash": "/6S+I5PvmlzDeLMCXZGCXmnUNiJdLyucUrnwkItNhNRZB8ftVYXdyM0omNwm3UDvRSQVMnb3e5s7+YusLvvYeg==",
        "dependencies": {
          "Microsoft.EntityFrameworkCore": "8.0.25"
        }
      },
      "Microsoft.IdentityModel.LoggingExtensions": {
        "type": "Direct",
        "requested": "[8.0.*, )",
        "resolved": "8.0.2",
        "contentHash": "cqSt/bQIouPhNQ3CxZvURmMKYFOw0HujsKSuqB8YuHl2ZnBMiSTwPfh8dCXE+Af+nweJjn0mWFEuU7FD4UxapQ==",
        "dependencies": {
          "Microsoft.IdentityModel.Abstractions": "8.0.2"
        }
      },
      "NodaTime": {
        "type": "Direct",
        "requested": "[3.1.*, )",
        "resolved": "3.1.14",
        "contentHash": "AoLmMzcASZF/daMb4at16Q+WgH+ke7PfVBieETy0sSr2fdzaaPhhJ42UFGtqWVLzySYA8AnieWHu2qynHGatqw=="
      },
      "NodaTime.Serialization.JsonNet": {
        "type": "Direct",
        "requested": "[3.1.*, )",
        "resolved": "3.1.0",
        "contentHash": "eEr9lXUz50TYr4rpeJG4TDAABkpxjIKr5mDSi/Zav8d6Njy6fH7x4ZtNwWFj0Vd+vIvEZNrHFQ4Gfy8j4BqRGg==",
        "dependencies": {
          "Newtonsoft.Json": "13.0.3",
          "NodaTime": "[3.0.0, 4.0.0)"
        }
      },
      "Npgsql": {
        "type": "Direct",
        "requested": "[8.0.*, )",
        "resolved": "8.0.9",
        "contentHash": "H7O9NrvSO+BaojUOK59YmSOi7+RabnBoNPw1F7NgtZhw5uBeAA3bCjTH2VjgacUVHe8K1asPyj/a/mnhJ/e1yA=="
      },
      "Npgsql.EntityFrameworkCore.PostgreSQL": {
        "type": "Direct",
        "requested": "[8.0.*, )",
        "resolved": "8.0.11",
        "contentHash": "leShR/O/nSIS3Jpj8yUBmkzaXzBbtlV326+MYkX2BwAj2qSNrUv/H6m8G9Hnv2zUkQYccTpmV5jIVq5vdciEUA==",
        "dependencies": {
          "Microsoft.EntityFrameworkCore": "8.0.11",
          "Microsoft.EntityFrameworkCore.Abstractions": "8.0.11",
          "Microsoft.EntityFrameworkCore.Relational": "8.0.11",
          "Npgsql": "8.0.6"
        }
      },
      "Npgsql.EntityFrameworkCore.PostgreSQL.NodaTime": {
        "type": "Direct",
        "requested": "[8.0.*, )",
        "resolved": "8.0.11",
        "contentHash": "OHnwiU4EVRA6WUJhbWU7pgoQeYMluWwPkOFIjSg7Ajq32XHopaM66CQ3Z9E4/lG1lVAq8mXay7eBin1ppc78fA==",
        "dependencies": {
          "Npgsql.EntityFrameworkCore.PostgreSQL": "8.0.11",
          "Npgsql.NodaTime": "8.0.6"
        }
      },
      "Npgsql.Json.NET": {
        "type": "Direct",
        "requested": "[8.0.*, )",
        "resolved": "8.0.9",
        "contentHash": "xHdYxSWIkpOhSpD00tUr4WYuFZaTXMkkpMZPTQjuadJ1NmjLeKH8UGoPZnCN2Bjsq9HBpOXy9f0vw8fZn+goag==",
        "dependencies": {
          "Newtonsoft.Json": "13.0.3",
          "Npgsql": "8.0.9"
        }
      },
      "Npgsql.NodaTime": {
        "type": "Direct",
        "requested": "[8.0.*, )",
        "resolved": "8.0.9",
        "contentHash": "jZeRl8VC4OQEAm4vq7Nt3G5A7pt2oaLfxdRER9kxtEFp2ENZ8kcYAZdVu3FTSdY7UKHfwi9rN4xALDHs1TOaqw==",
        "dependencies": {
          "NodaTime": "3.1.9",
          "Npgsql": "8.0.9"
        }
      },
      "prometheus-net.AspNetCore": {
        "type": "Direct",
        "requested": "[8.2.*, )",
        "resolved": "8.2.1",
        "contentHash": "/4TfTvbwIDqpaKTiWvEsjUywiHYF9zZvGZF5sK15avoDsUO/WPQbKsF8TiMaesuphdFQPK2z52P0zk6j26V0rQ==",
        "dependencies": {
          "prometheus-net": "8.2.1"
        }
      },
      "Serilog": {
        "type": "Direct",
        "requested": "[3.1.*, )",
        "resolved": "3.1.1",
        "contentHash": "P6G4/4Kt9bT635bhuwdXlJ2SCqqn2nhh4gqFqQueCOr9bK/e7W9ll/IoX1Ter948cV2Z/5+5v8pAfJYUISY03A=="
      },
      "Serilog.AspNetCore": {
        "type": "Direct",
        "requested": "[8.0.*, )",
        "resolved": "8.0.3",
        "contentHash": "Y5at41mc0OV982DEJslBKHd6uzcWO6POwR3QceJ6gtpMPxCzm4+FElGPF0RdaTD7MGsP6XXE05LMbSi0NO+sXg==",
        "dependencies": {
          "Serilog": "3.1.1",
          "Serilog.Extensions.Hosting": "8.0.0",
          "Serilog.Formatting.Compact": "2.0.0",
          "Serilog.Settings.Configuration": "8.0.4",
          "Serilog.Sinks.Console": "5.0.0",
          "Serilog.Sinks.Debug": "2.0.0",
          "Serilog.Sinks.File": "5.0.0"
        }
      },
      "Serilog.Enrichers.Thread": {
        "type": "Direct",
        "requested": "[3.1.*, )",
        "resolved": "3.1.0",
        "contentHash": "85lWsGRJpRxvKT6j/H67no55SUBsBIvp556TKuBTGhjtoPeq+L7j/sDWbgAtvT0p7u7/phJyX6j35PQ4Vtqw0g==",
        "dependencies": {
          "Serilog": "2.3.0"
        }
      },
      "System.Data.HashFunction.CityHash": {
        "type": "Direct",
        "requested": "[2.0.*, )",
        "resolved": "2.0.0",
        "contentHash": "ESdi+70t/QZNLwgLTO/Xf2XK4CGlOyDSjXn9tEl9+DLQ/vWtinykSN4C9l4QMEIh/r2rnG76TLPWq53z4/qdig==",
        "dependencies": {
          "NETStandard.Library": "1.6.1",
          "System.Data.HashFunction.Core": "2.0.0"
        }
      },
      "System.Linq.Async": {
        "type": "Direct",
        "requested": "[6.0.*, )",
        "resolved": "6.0.3",
        "contentHash": "hSHiq2m1ky7zUQgTp+/2h1K3lABIQ+GltRixoclHPg/Sc1vnfeS6g/Uy5moOVZKrZJdQiFPFZd6OobBp3tZcFg=="
      },
      "FsLexYacc.Runtime": {
        "type": "Transitive",
        "resolved": "11.3.0",
        "contentHash": "36b+4G+85WXU3kmbtq9hFSMGCLkn1nLzJoPgNaLUusnjXrC5ndAyS+hl13H6frpLCS3DB1wAmx/1SGYDe0avMw==",
        "dependencies": {
          "FSharp.Core": "4.6.2"
        }
      },
      "Giraffe.ViewEngine": {
        "type": "Transitive",
        "resolved": "1.4.0",
        "contentHash": "gWzlp8KGDLaPHMm/xGzfLT1e9wZaJhBKhEuMsPRBSn7wAMkSgMcaqJlWl8mFGCcOOx0r9UyDJvCJJQyljYmo+g==",
        "dependencies": {
          "FSharp.Core": "5.0.0"
        }
      },
      "Microsoft.ClearScript.Core": {
        "type": "Transitive",
        "resolved": "7.4.5",
        "contentHash": "CIZCty2L4mXy1xg77IbNPqsz2pS0ZsFVJZ5YolPB4j62xzvDuCFU/MKnTnKve67FGIWaB9w4LVV7YUEFmjEwzw=="
      },
      "Microsoft.ClearScript.V8": {
        "type": "Transitive",
        "resolved": "7.4.5",
        "contentHash": "/czu8ho8xEiiLF806QP6Iwgp0aN5QE1B/MsXnIIMxiaM/KccD8AfSsM68lVuyW+boGqjF7zjoSlUKs/ERUoLOQ==",
        "dependencies": {
          "Microsoft.ClearScript.Core": "7.4.5",
          "Microsoft.ClearScript.V8.ICUData": "7.4.5",
          "Newtonsoft.Json": "13.0.1"
        }
      },
      "Microsoft.ClearScript.V8.ICUData": {
        "type": "Transitive",
        "resolved": "7.4.5",
        "contentHash": "Ji6av4T2xtqZYp5Gm0MPxvez5V6s4NF/wflD8a49A/KOI3kJyPHcmL3xCRuhuHo24NbfQX6+f0YbTdwhd5VSvw=="
      },
      "Microsoft.ClearScript.V8.Native.linux-x64": {
        "type": "Transitive",
        "resolved": "7.4.5",
        "contentHash": "upzvb1bN1DCXE3fK+7Vt/pfZ/ejYI7X/t2/JOYf0p4HjvCexDkebeIBJ96alPPBMqDwqRCZy0N80/wYFwwDKgA=="
      },
      "Microsoft.EntityFrameworkCore.Abstractions": {
        "type": "Transitive",
        "resolved": "8.0.25",
        "contentHash": "YGJD4/P34LsQetSH5R0J58nAWSFGn7BE11zThfCkILTW8wy+9/kwqM2P0ciHhuzlPzwApputDfQ5u35+fH6BGQ=="
      },
      "Microsoft.EntityFrameworkCore.Analyzers": {
        "type": "Transitive",
        "resolved": "8.0.25",
        "contentHash": "jHtsaYPDBoNsIA085ZbqrZGidG+rnoZGJ/0JTL6QHR0XV4JLnLoJgPao7zVsqhEVJUnS7JOfVClr0UThAxoiuQ=="
      },
      "Microsoft.Extensions.DependencyModel": {
        "type": "Transitive",
        "resolved": "8.0.2",
        "contentHash": "mUBDZZRgZrSyFOsJ2qJJ9fXfqd/kXJwf3AiDoqLD9m6TjY5OO/vLNOb9fb4juC0487eq4hcGN/M2Rh/CKS7QYw=="
      },
      "Microsoft.IdentityModel.Abstractions": {
        "type": "Transitive",
        "resolved": "8.0.2",
        "contentHash": "m73Bun0l0jL8rceWZ9TMD4hwQCjDIaRT1s5RMN7TBDpXu8Ea8KcRndo45btW9gG0i/USmHLCmOBIITvTA4Y6PA=="
      },
      "Microsoft.IdentityModel.JsonWebTokens": {
        "type": "Transitive",
        "resolved": "7.1.2",
        "contentHash": "cloLGeZolXbCJhJBc5OC05uhrdhdPL6MWHuVUnkkUvPDeK7HkwThBaLZ1XjBQVk9YhxXE2OvHXnKi0PLleXxDg==",
        "dependencies": {
          "Microsoft.IdentityModel.Tokens": "7.1.2"
        }
      },
      "Microsoft.IdentityModel.Logging": {
        "type": "Transitive",
        "resolved": "7.1.2",
        "contentHash": "YCxBt2EeJP8fcXk9desChkWI+0vFqFLvBwrz5hBMsoh0KJE6BC66DnzkdzkJNqMltLromc52dkdT206jJ38cTw==",
        "dependencies": {
          "Microsoft.IdentityModel.Abstractions": "7.1.2"
        }
      },
      "Microsoft.IdentityModel.Protocols": {
        "type": "Transitive",
        "resolved": "7.1.2",
        "contentHash": "SydLwMRFx6EHPWJ+N6+MVaoArN1Htt92b935O3RUWPY1yUF63zEjvd3lBu79eWdZUwedP8TN2I5V9T3nackvIQ==",
        "dependencies": {
          "Microsoft.IdentityModel.Logging": "7.1.2",
          "Microsoft.IdentityModel.Tokens": "7.1.2"
        }
      },
      "Microsoft.IdentityModel.Protocols.OpenIdConnect": {
        "type": "Transitive",
        "resolved": "7.1.2",
        "contentHash": "6lHQoLXhnMQ42mGrfDkzbIOR3rzKM1W1tgTeMPLgLCqwwGw0d96xFi/UiX/fYsu7d6cD5MJiL3+4HuI8VU+sVQ==",
        "dependencies": {
          "Microsoft.IdentityModel.Protocols": "7.1.2",
          "System.IdentityModel.Tokens.Jwt": "7.1.2"
        }
      },
      "Microsoft.IdentityModel.Tokens": {
        "type": "Transitive",
        "resolved": "7.1.2",
        "contentHash": "oICJMqr3aNEDZOwnH5SK49bR6Z4aX0zEAnOLuhloumOSuqnNq+GWBdQyrgILnlcT5xj09xKCP/7Y7gJYB+ls/g==",
        "dependencies": {
          "Microsoft.IdentityModel.Logging": "7.1.2"
        }
      },
      "Microsoft.IO.RecyclableMemoryStream": {
        "type": "Transitive",
        "resolved": "3.0.0",
        "contentHash": "irv0HuqoH8Ig5i2fO+8dmDNdFdsrO+DoQcedwIlb810qpZHBNQHZLW7C/AHBQDgLLpw2T96vmMAy/aE4Yj55Sg=="
      },
      "Microsoft.NETCore.Platforms": {
        "type": "Transitive",
        "resolved": "1.1.0",
        "contentHash": "kz0PEW2lhqygehI/d6XsPCQzD7ff7gUJaVGPVETX611eadGsA3A877GdSlU0LRVMCTH/+P3o2iDTak+S08V2+A=="
      },
      "NETStandard.Library": {
        "type": "Transitive",
        "resolved": "1.6.1",
        "contentHash": "WcSp3+vP+yHNgS8EV5J7pZ9IRpeDuARBPN28by8zqff1wJQXm26PVU8L3/fYLBJVU7BtDyqNVWq2KlCVvSSR4A==",
        "dependencies": {
          "Microsoft.NETCore.Platforms": "1.1.0"
        }
      },
      "Newtonsoft.Json": {
        "type": "Transitive",
        "resolved": "13.0.4",
        "contentHash": "pdgNNMai3zv51W5aq268sujXUyx7SNdE2bj1wZcWjAQrKMFZV260lbqYop1d2GM67JI1huLRwxo9ZqnfF/lC6A=="
      },
      "Pipelines.Sockets.Unofficial": {
        "type": "Transitive",
        "resolved": "2.2.2",
        "contentHash": "Bhk0FWxH1paI+18zr1g5cTL+ebeuDcBCR+rRFO+fKEhretgjs7MF2Mc1P64FGLecWp4zKCUOPzngBNrqVyY7Zg=="
      },
      "prometheus-net": {
        "type": "Transitive",
        "resolved": "8.2.1",
        "contentHash": "3wVgdEPOCBF752s2xps5T+VH+c9mJK8S8GKEDg49084P6JZMumTZI5Te6aJ9MQpX0sx7om6JOnBpIi7ZBmmiDQ=="
      },
      "Serilog.Extensions.Hosting": {
        "type": "Transitive",
        "resolved": "8.0.0",
        "contentHash": "db0OcbWeSCvYQkHWu6n0v40N4kKaTAXNjlM3BKvcbwvNzYphQFcBR+36eQ/7hMMwOkJvAyLC2a9/jNdUL5NjtQ==",
        "dependencies": {
          "Serilog": "3.1.1",
          "Serilog.Extensions.Logging": "8.0.0"
        }
      },
      "Serilog.Extensions.Logging": {
        "type": "Transitive",
        "resolved": "8.0.0",
        "contentHash": "YEAMWu1UnWgf1c1KP85l1SgXGfiVo0Rz6x08pCiPOIBt2Qe18tcZLvdBUuV5o1QHvrs8FAry9wTIhgBRtjIlEg==",
        "dependencies": {
          "Serilog": "3.1.1"
        }
      },
      "Serilog.Formatting.Compact": {
        "type": "Transitive",
        "resolved": "2.0.0",
        "contentHash": "ob6z3ikzFM3D1xalhFuBIK1IOWf+XrQq+H4KeH4VqBcPpNcmUgZlRQ2h3Q7wvthpdZBBoY86qZOI2LCXNaLlNA==",
        "dependencies": {
          "Serilog": "3.1.0"
        }
      },
      "Serilog.Settings.Configuration": {
        "type": "Transitive",
        "resolved": "8.0.4",
        "contentHash": "pkxvq0umBKK8IKFJc1aV5S/HGRG/NIxJ6FV42KaTPLfDmBOAbBUB1m5gqqlGxzEa1MgDDWtQlWJdHTSxVWNx+Q==",
        "dependencies": {
          "Microsoft.Extensions.DependencyModel": "8.0.2",
          "Serilog": "3.1.1"
        }
      },
      "Serilog.Sinks.Console": {
        "type": "Transitive",
        "resolved": "5.0.0",
        "contentHash": "IZ6bn79k+3SRXOBpwSOClUHikSkp2toGPCZ0teUkscv4dpDg9E2R2xVsNkLmwddE4OpNVO3N0xiYsAH556vN8Q==",
        "dependencies": {
          "Serilog": "3.1.0"
        }
      },
      "Serilog.Sinks.Debug": {
        "type": "Transitive",
        "resolved": "2.0.0",
        "contentHash": "Y6g3OBJ4JzTyyw16fDqtFcQ41qQAydnEvEqmXjhwhgjsnG/FaJ8GUqF5ldsC/bVkK8KYmqrPhDO+tm4dF6xx4A==",
        "dependencies": {
          "Serilog": "2.10.0"
        }
      },
      "Serilog.Sinks.File": {
        "type": "Transitive",
        "resolved": "5.0.0",
        "contentHash": "uwV5hdhWPwUH1szhO8PJpFiahqXmzPzJT/sOijH/kFgUx+cyoDTMM8MHD0adw9+Iem6itoibbUXHYslzXsLEAg==",
        "dependencies": {
          "Serilog": "2.10.0"
        }
      },
      "StackExchange.Redis": {
        "type": "Transitive",
        "resolved": "2.6.80",
        "contentHash": "97wrhWUJ7QQfcTr+QWflB/emzHEZF7zQSRG2iRbqbaVsYvaImtrl3i4vm3/Sc+1DfQRVhPqfDUTl0XvTjabx3w==",
        "dependencies": {
          "Pipelines.Sockets.Unofficial": "2.2.2"
        }
      },
      "System.Data.HashFunction.Core": {
        "type": "Transitive",
        "resolved": "2.0.0",
        "contentHash": "EOb5GB6QTumYBvl0P/uL1m8hVkUwdwnIiwYPzfRKn+zZPtVkruyOrl/cMnNOGRny68xkswvOSo9NytWoR/6ABw==",
        "dependencies": {
          "NETStandard.Library": "1.6.1",
          "System.Data.HashFunction.Interfaces": "2.0.0"
        }
      },
      "System.Data.HashFunction.Interfaces": {
        "type": "Transitive",
        "resolved": "2.0.0",
        "contentHash": "ESxg15JHcRWXfRgzVUF8FhRZ1xAuXo6zgaL4kCdB9DV2cnrAwRGiycCMlMsfOLXOMrkHZZbcBuKlO8pyxDCCOg==",
        "dependencies": {
          "NETStandard.Library": "1.6.1"
        }
      },
      "System.IdentityModel.Tokens.Jwt": {
        "type": "Transitive",
        "resolved": "7.1.2",
        "contentHash": "Thhbe1peAmtSBFaV/ohtykXiZSOkx59Da44hvtWfIMFofDA3M3LaVyjstACf2rKGn4dEDR2cUpRAZ0Xs/zB+7Q==",
        "dependencies": {
          "Microsoft.IdentityModel.JsonWebTokens": "7.1.2",
          "Microsoft.IdentityModel.Tokens": "7.1.2"
        }
      },
      "YamlDotNet": {
        "type": "Transitive",
        "resolved": "15.1.6",
        "contentHash": "T/cQEK/KHK96Q8kytJ4iUGDXg1/fj2Qtk6rCQeIlHYU1zTeyGVHW0QNZgREQyxZpygGMDMmrXNWt0sj5TsQnjA=="
      },
      "ozmadbschema": {
        "type": "Project",
        "dependencies": {
          "Microsoft.EntityFrameworkCore": "[8.0.25, )",
          "Microsoft.EntityFrameworkCore.Relational": "[8.0.25, )",
          "NodaTime": "[3.1.*, )",
          "Npgsql": "[8.0.*, )",
          "System.Linq.Async": "[6.0.*, )"
        }
      },
      "ozmautils": {
        "type": "Project",
        "dependencies": {
          "FSharp.Core": "[8.0.*, )",
          "FSharpPlus": "[1.6.*, )",
          "Newtonsoft.Json": "[13.0.*, )",
          "YamlDotNet": "[15.1.*, )"
        }
      }
    },
    "net10.0/linux-x64": {
      "Microsoft.ClearScript.V8.Native.linux-x64": {
        "type": "Transitive",
        "resolved": "7.4.5",
        "contentHash": "upzvb1bN1DCXE3fK+7Vt/pfZ/ejYI7X/t2/JOYf0p4HjvCexDkebeIBJ96alPPBMqDwqRCZy0N80/wYFwwDKgA=="
      }
    }
  }
}